
Microsoft Visual Studio Solution File, Format Version 12.00
# Visual Studio Version 17
VisualStudioVersion = 17.2.32630.192
MinimumVisualStudioVersion = 10.0.40219.1
Project("{2150E333-8FDC-42A3-9474-1A3956D46DE8}") = "ARVTech.DataAccess.UnitOfWork", "ARVTech.DataAccess.UnitOfWork", "{29B5DCF5-599D-446A-8B1B-058B3D05245A}"
EndProject
Project("{2150E333-8FDC-42A3-9474-1A3956D46DE8}") = "ARVTech.DataAccess.Repository", "ARVTech.DataAccess.Repository", "{91284DFA-B776-4150-A989-3AF73F5926F4}"
EndProject
Project("{9A19103F-16F7-4668-BE54-9A1E7A4F7556}") = "ARVTech.DataAccess.Core", "src\ARVTech.DataAccess.Core\ARVTech.DataAccess.Core.csproj", "{1072A75D-4596-4A64-A0FD-31BFA9D76C63}"
EndProject
Project("{9A19103F-16F7-4668-BE54-9A1E7A4F7556}") = "ARVTech.DataAccess.Business", "src\ARVTech.DataAccess.Business\ARVTech.DataAccess.Business.csproj", "{4D25F223-B0ED-43F8-905F-EAE2E11EE144}"
EndProject
Project("{9A19103F-16F7-4668-BE54-9A1E7A4F7556}") = "ARVTech.DataAccess.Repository.Interfaces", "src\ARVTech.DataAccess.Repository\ARVTech.DataAccess.Repository.Interfaces\ARVTech.DataAccess.Repository.Interfaces.csproj", "{4A972030-6800-414E-AB6F-701FEA0BF67E}"
EndProject
Project("{9A19103F-16F7-4668-BE54-9A1E7A4F7556}") = "ARVTech.DataAccess.UnitOfWork.Interfaces", "src\ARVTech.DataAccess.UnitOfWork\ARVTech.DataAccess.UnitOfWork.Interfaces\ARVTech.DataAccess.UnitOfWork.Interfaces.csproj", "{6F8FA0FD-65AF-4C48-AF0B-F23F31822AF6}"
EndProject
Project("{9A19103F-16F7-4668-BE54-9A1E7A4F7556}") = "ARVTech.DataAccess.Repository.SqlServer", "src\ARVTech.DataAccess.Repository\ARVTech.DataAccess.Repository.SqlServer\ARVTech.DataAccess.Repository.SqlServer.csproj", "{9A484B60-966E-463D-B60C-5D916629A412}"
EndProject
Project("{9A19103F-16F7-4668-BE54-9A1E7A4F7556}") = "ARVTech.DataAccess.UnitOfWork.SqlServer", "src\ARVTech.DataAccess.UnitOfWork\ARVTech.DataAccess.UnitOfWork.SqlServer\ARVTech.DataAccess.UnitOfWork.SqlServer.csproj", "{302A63C4-A2CD-4F0F-9CCF-BBCCDB93C21D}"
EndProject
Project("{9A19103F-16F7-4668-BE54-9A1E7A4F7556}") = "ARVTech.DataAccess.DbManager", "src\ARVTech.DataAccess.DbManager\ARVTech.DataAccess.DbManager.csproj", "{248A5B7E-DAA8-4F00-A2FC-24EE0C0A56D2}"
EndProject
Project("{9A19103F-16F7-4668-BE54-9A1E7A4F7556}") = "ARVTech.DataAccess.Console", "src\ARVTech.DataAccess.Console\ARVTech.DataAccess.Console.csproj", "{3D330E43-6E5A-45EE-89A3-8DCC12F8FED0}"
EndProject
Project("{9A19103F-16F7-4668-BE54-9A1E7A4F7556}") = "ARVTech.Transmission.Engine", "submodules\ARVTech.Transmission\src\ARVTech.Transmission.Engine\ARVTech.Transmission.Engine.csproj", "{C52A6638-1443-4D10-ACDF-08C9D7823B9B}"
EndProject
Project("{FAE04EC0-301F-11D3-BF4B-00C04F79EFBC}") = "ARVTech.DataAccess.DTOs", "src\ARVTech.DataAccess.DTOs\ARVTech.DataAccess.DTOs.csproj", "{88100172-2E04-4DD6-814B-078EB45D1BCA}"
EndProject
Global
	GlobalSection(SolutionConfigurationPlatforms) = preSolution
		Debug|Any CPU = Debug|Any CPU
		Release|Any CPU = Release|Any CPU
	EndGlobalSection
	GlobalSection(ProjectConfigurationPlatforms) = postSolution
		{1072A75D-4596-4A64-A0FD-31BFA9D76C63}.Debug|Any CPU.ActiveCfg = Debug|Any CPU
		{1072A75D-4596-4A64-A0FD-31BFA9D76C63}.Debug|Any CPU.Build.0 = Debug|Any CPU
		{1072A75D-4596-4A64-A0FD-31BFA9D76C63}.Release|Any CPU.ActiveCfg = Release|Any CPU
		{1072A75D-4596-4A64-A0FD-31BFA9D76C63}.Release|Any CPU.Build.0 = Release|Any CPU
		{4D25F223-B0ED-43F8-905F-EAE2E11EE144}.Debug|Any CPU.ActiveCfg = Debug|Any CPU
		{4D25F223-B0ED-43F8-905F-EAE2E11EE144}.Debug|Any CPU.Build.0 = Debug|Any CPU
		{4D25F223-B0ED-43F8-905F-EAE2E11EE144}.Release|Any CPU.ActiveCfg = Release|Any CPU
		{4D25F223-B0ED-43F8-905F-EAE2E11EE144}.Release|Any CPU.Build.0 = Release|Any CPU
		{4A972030-6800-414E-AB6F-701FEA0BF67E}.Debug|Any CPU.ActiveCfg = Debug|Any CPU
		{4A972030-6800-414E-AB6F-701FEA0BF67E}.Debug|Any CPU.Build.0 = Debug|Any CPU
		{4A972030-6800-414E-AB6F-701FEA0BF67E}.Release|Any CPU.ActiveCfg = Release|Any CPU
		{4A972030-6800-414E-AB6F-701FEA0BF67E}.Release|Any CPU.Build.0 = Release|Any CPU
		{6F8FA0FD-65AF-4C48-AF0B-F23F31822AF6}.Debug|Any CPU.ActiveCfg = Debug|Any CPU
		{6F8FA0FD-65AF-4C48-AF0B-F23F31822AF6}.Debug|Any CPU.Build.0 = Debug|Any CPU
		{6F8FA0FD-65AF-4C48-AF0B-F23F31822AF6}.Release|Any CPU.ActiveCfg = Release|Any CPU
		{6F8FA0FD-65AF-4C48-AF0B-F23F31822AF6}.Release|Any CPU.Build.0 = Release|Any CPU
		{9A484B60-966E-463D-B60C-5D916629A412}.Debug|Any CPU.ActiveCfg = Debug|Any CPU
		{9A484B60-966E-463D-B60C-5D916629A412}.Debug|Any CPU.Build.0 = Debug|Any CPU
		{9A484B60-966E-463D-B60C-5D916629A412}.Release|Any CPU.ActiveCfg = Release|Any CPU
		{9A484B60-966E-463D-B60C-5D916629A412}.Release|Any CPU.Build.0 = Release|Any CPU
		{302A63C4-A2CD-4F0F-9CCF-BBCCDB93C21D}.Debug|Any CPU.ActiveCfg = Debug|Any CPU
		{302A63C4-A2CD-4F0F-9CCF-BBCCDB93C21D}.Debug|Any CPU.Build.0 = Debug|Any CPU
		{302A63C4-A2CD-4F0F-9CCF-BBCCDB93C21D}.Release|Any CPU.ActiveCfg = Release|Any CPU
		{302A63C4-A2CD-4F0F-9CCF-BBCCDB93C21D}.Release|Any CPU.Build.0 = Release|Any CPU
		{248A5B7E-DAA8-4F00-A2FC-24EE0C0A56D2}.Debug|Any CPU.ActiveCfg = Debug|Any CPU
		{248A5B7E-DAA8-4F00-A2FC-24EE0C0A56D2}.Debug|Any CPU.Build.0 = Debug|Any CPU
		{248A5B7E-DAA8-4F00-A2FC-24EE0C0A56D2}.Release|Any CPU.ActiveCfg = Release|Any CPU
		{248A5B7E-DAA8-4F00-A2FC-24EE0C0A56D2}.Release|Any CPU.Build.0 = Release|Any CPU
		{3D330E43-6E5A-45EE-89A3-8DCC12F8FED0}.Debug|Any CPU.ActiveCfg = Debug|Any CPU
		{3D330E43-6E5A-45EE-89A3-8DCC12F8FED0}.Debug|Any CPU.Build.0 = Debug|Any CPU
		{3D330E43-6E5A-45EE-89A3-8DCC12F8FED0}.Release|Any CPU.ActiveCfg = Release|Any CPU
		{3D330E43-6E5A-45EE-89A3-8DCC12F8FED0}.Release|Any CPU.Build.0 = Release|Any CPU
		{C52A6638-1443-4D10-ACDF-08C9D7823B9B}.Debug|Any CPU.ActiveCfg = Debug|Any CPU
		{C52A6638-1443-4D10-ACDF-08C9D7823B9B}.Debug|Any CPU.Build.0 = Debug|Any CPU
		{C52A6638-1443-4D10-ACDF-08C9D7823B9B}.Release|Any CPU.ActiveCfg = Release|Any CPU
		{C52A6638-1443-4D10-ACDF-08C9D7823B9B}.Release|Any CPU.Build.0 = Release|Any CPU
		{88100172-2E04-4DD6-814B-078EB45D1BCA}.Debug|Any CPU.ActiveCfg = Debug|Any CPU
		{88100172-2E04-4DD6-814B-078EB45D1BCA}.Debug|Any CPU.Build.0 = Debug|Any CPU
		{88100172-2E04-4DD6-814B-078EB45D1BCA}.Release|Any CPU.ActiveCfg = Release|Any CPU
		{88100172-2E04-4DD6-814B-078EB45D1BCA}.Release|Any CPU.Build.0 = Release|Any CPU
	EndGlobalSection
	GlobalSection(SolutionProperties) = preSolution
		HideSolutionNode = FALSE
	EndGlobalSection
	GlobalSection(NestedProjects) = preSolution
		{4A972030-6800-414E-AB6F-701FEA0BF67E} = {91284DFA-B776-4150-A989-3AF73F5926F4}
		{6F8FA0FD-65AF-4C48-AF0B-F23F31822AF6} = {29B5DCF5-599D-446A-8B1B-058B3D05245A}
		{9A484B60-966E-463D-B60C-5D916629A412} = {91284DFA-B776-4150-A989-3AF73F5926F4}
		{302A63C4-A2CD-4F0F-9CCF-BBCCDB93C21D} = {29B5DCF5-599D-446A-8B1B-058B3D05245A}
	EndGlobalSection
	GlobalSection(ExtensibilityGlobals) = postSolution
		SolutionGuid = {D4BFD595-C0ED-4861-A64F-F225048F3271}
	EndGlobalSection
EndGlobal
