
Microsoft Visual Studio Solution File, Format Version 12.00
# Visual Studio Version 17
VisualStudioVersion = 17.2.32630.192
MinimumVisualStudioVersion = 10.0.40219.1
Project("{9A19103F-16F7-4668-BE54-9A1E7A4F7556}") = "ARVTech.DataAccess.Domain", "src\ARVTech.DataAccess.Domain\ARVTech.DataAccess.Domain.csproj", "{1072A75D-4596-4A64-A0FD-31BFA9D76C63}"
EndProject
Project("{9A19103F-16F7-4668-BE54-9A1E7A4F7556}") = "ARVTech.DataAccess.DbManager", "src\ARVTech.DataAccess.DbManager\ARVTech.DataAccess.DbManager.csproj", "{248A5B7E-DAA8-4F00-A2FC-24EE0C0A56D2}"
EndProject
Project("{9A19103F-16F7-4668-BE54-9A1E7A4F7556}") = "ARVTech.DataAccess.Console", "src\ARVTech.DataAccess.Console\ARVTech.DataAccess.Console.csproj", "{3D330E43-6E5A-45EE-89A3-8DCC12F8FED0}"
EndProject
Project("{9A19103F-16F7-4668-BE54-9A1E7A4F7556}") = "ARVTech.Transmission.Engine", "submodules\ARVTech.Transmission\src\ARVTech.Transmission.Engine\ARVTech.Transmission.Engine.csproj", "{C52A6638-1443-4D10-ACDF-08C9D7823B9B}"
EndProject
Project("{9A19103F-16F7-4668-BE54-9A1E7A4F7556}") = "ARVTech.DataAccess.DTOs", "src\ARVTech.DataAccess.DTOs\ARVTech.DataAccess.DTOs.csproj", "{88100172-2E04-4DD6-814B-078EB45D1BCA}"
EndProject
Project("{9A19103F-16F7-4668-BE54-9A1E7A4F7556}") = "ARVTech.Shared", "submodules\ARVTech.Shared\src\ARVTech.Shared.csproj", "{4B871A05-645A-4848-A716-93C9BE20F65A}"
EndProject
Project("{9A19103F-16F7-4668-BE54-9A1E7A4F7556}") = "ARVTech.DataAccess.CQRS", "src\ARVTech.DataAccess.CQRS\ARVTech.DataAccess.CQRS.csproj", "{231F0A1D-992D-4173-8D9D-5D7D291FA24E}"
EndProject
Project("{9A19103F-16F7-4668-BE54-9A1E7A4F7556}") = "ARVTech.DataAccess.DbFactories", "src\ARVTech.DataAccess.DbFactories\ARVTech.DataAccess.DbFactories.csproj", "{BE799802-ADA3-4E2E-84AF-03C1B1533AC9}"
EndProject
Project("{9A19103F-16F7-4668-BE54-9A1E7A4F7556}") = "ARVTech.DataAccess.Infrastructure", "src\ARVTech.DataAccess.Infrastructure\ARVTech.DataAccess.Infrastructure.csproj", "{8778FBF1-9FA1-4C91-822B-06E8669FF19E}"
EndProject
Project("{9A19103F-16F7-4668-BE54-9A1E7A4F7556}") = "ARVTech.DataAccess.Service", "src\ARVTech.DataAccess.Service\ARVTech.DataAccess.Service.csproj", "{F8FA0DBA-83F1-41B6-B372-D7FC822F35F2}"
EndProject
Global
	GlobalSection(SolutionConfigurationPlatforms) = preSolution
		Debug|Any CPU = Debug|Any CPU
		Release|Any CPU = Release|Any CPU
	EndGlobalSection
	GlobalSection(ProjectConfigurationPlatforms) = postSolution
		{1072A75D-4596-4A64-A0FD-31BFA9D76C63}.Debug|Any CPU.ActiveCfg = Debug|Any CPU
		{1072A75D-4596-4A64-A0FD-31BFA9D76C63}.Debug|Any CPU.Build.0 = Debug|Any CPU
		{1072A75D-4596-4A64-A0FD-31BFA9D76C63}.Release|Any CPU.ActiveCfg = Release|Any CPU
		{1072A75D-4596-4A64-A0FD-31BFA9D76C63}.Release|Any CPU.Build.0 = Release|Any CPU
		{248A5B7E-DAA8-4F00-A2FC-24EE0C0A56D2}.Debug|Any CPU.ActiveCfg = Debug|Any CPU
		{248A5B7E-DAA8-4F00-A2FC-24EE0C0A56D2}.Debug|Any CPU.Build.0 = Debug|Any CPU
		{248A5B7E-DAA8-4F00-A2FC-24EE0C0A56D2}.Release|Any CPU.ActiveCfg = Release|Any CPU
		{248A5B7E-DAA8-4F00-A2FC-24EE0C0A56D2}.Release|Any CPU.Build.0 = Release|Any CPU
		{3D330E43-6E5A-45EE-89A3-8DCC12F8FED0}.Debug|Any CPU.ActiveCfg = Debug|Any CPU
		{3D330E43-6E5A-45EE-89A3-8DCC12F8FED0}.Debug|Any CPU.Build.0 = Debug|Any CPU
		{3D330E43-6E5A-45EE-89A3-8DCC12F8FED0}.Release|Any CPU.ActiveCfg = Release|Any CPU
		{3D330E43-6E5A-45EE-89A3-8DCC12F8FED0}.Release|Any CPU.Build.0 = Release|Any CPU
		{C52A6638-1443-4D10-ACDF-08C9D7823B9B}.Debug|Any CPU.ActiveCfg = Debug|Any CPU
		{C52A6638-1443-4D10-ACDF-08C9D7823B9B}.Debug|Any CPU.Build.0 = Debug|Any CPU
		{C52A6638-1443-4D10-ACDF-08C9D7823B9B}.Release|Any CPU.ActiveCfg = Release|Any CPU
		{C52A6638-1443-4D10-ACDF-08C9D7823B9B}.Release|Any CPU.Build.0 = Release|Any CPU
		{88100172-2E04-4DD6-814B-078EB45D1BCA}.Debug|Any CPU.ActiveCfg = Debug|Any CPU
		{88100172-2E04-4DD6-814B-078EB45D1BCA}.Debug|Any CPU.Build.0 = Debug|Any CPU
		{88100172-2E04-4DD6-814B-078EB45D1BCA}.Release|Any CPU.ActiveCfg = Release|Any CPU
		{88100172-2E04-4DD6-814B-078EB45D1BCA}.Release|Any CPU.Build.0 = Release|Any CPU
		{4B871A05-645A-4848-A716-93C9BE20F65A}.Debug|Any CPU.ActiveCfg = Debug|Any CPU
		{4B871A05-645A-4848-A716-93C9BE20F65A}.Debug|Any CPU.Build.0 = Debug|Any CPU
		{4B871A05-645A-4848-A716-93C9BE20F65A}.Release|Any CPU.ActiveCfg = Release|Any CPU
		{4B871A05-645A-4848-A716-93C9BE20F65A}.Release|Any CPU.Build.0 = Release|Any CPU
		{231F0A1D-992D-4173-8D9D-5D7D291FA24E}.Debug|Any CPU.ActiveCfg = Debug|Any CPU
		{231F0A1D-992D-4173-8D9D-5D7D291FA24E}.Debug|Any CPU.Build.0 = Debug|Any CPU
		{231F0A1D-992D-4173-8D9D-5D7D291FA24E}.Release|Any CPU.ActiveCfg = Release|Any CPU
		{231F0A1D-992D-4173-8D9D-5D7D291FA24E}.Release|Any CPU.Build.0 = Release|Any CPU
		{BE799802-ADA3-4E2E-84AF-03C1B1533AC9}.Debug|Any CPU.ActiveCfg = Debug|Any CPU
		{BE799802-ADA3-4E2E-84AF-03C1B1533AC9}.Debug|Any CPU.Build.0 = Debug|Any CPU
		{BE799802-ADA3-4E2E-84AF-03C1B1533AC9}.Release|Any CPU.ActiveCfg = Release|Any CPU
		{BE799802-ADA3-4E2E-84AF-03C1B1533AC9}.Release|Any CPU.Build.0 = Release|Any CPU
		{8778FBF1-9FA1-4C91-822B-06E8669FF19E}.Debug|Any CPU.ActiveCfg = Debug|Any CPU
		{8778FBF1-9FA1-4C91-822B-06E8669FF19E}.Debug|Any CPU.Build.0 = Debug|Any CPU
		{8778FBF1-9FA1-4C91-822B-06E8669FF19E}.Release|Any CPU.ActiveCfg = Release|Any CPU
		{8778FBF1-9FA1-4C91-822B-06E8669FF19E}.Release|Any CPU.Build.0 = Release|Any CPU
		{F8FA0DBA-83F1-41B6-B372-D7FC822F35F2}.Debug|Any CPU.ActiveCfg = Debug|Any CPU
		{F8FA0DBA-83F1-41B6-B372-D7FC822F35F2}.Debug|Any CPU.Build.0 = Debug|Any CPU
		{F8FA0DBA-83F1-41B6-B372-D7FC822F35F2}.Release|Any CPU.ActiveCfg = Release|Any CPU
		{F8FA0DBA-83F1-41B6-B372-D7FC822F35F2}.Release|Any CPU.Build.0 = Release|Any CPU
	EndGlobalSection
	GlobalSection(SolutionProperties) = preSolution
		HideSolutionNode = FALSE
	EndGlobalSection
	GlobalSection(ExtensibilityGlobals) = postSolution
		SolutionGuid = {D4BFD595-C0ED-4861-A64F-F225048F3271}
	EndGlobalSection
EndGlobal
